// !$*UTF8*$!
{
	archiveVersion = 1;
	classes = {
	};
	objectVersion = 70;
	objects = {

/* Begin PBXBuildFile section */
		924AF5292CC8F7580079448E /* CompactSlider in Frameworks */ = {isa = PBXBuildFile; productRef = 924AF5282CC8F7580079448E /* CompactSlider */; };
		926D2F402B35BEC700D15F06 /* CameraPoseHelperApp.swift in Sources */ = {isa = PBXBuildFile; fileRef = 926D2F3F2B35BEC700D15F06 /* CameraPoseHelperApp.swift */; };
		926D2F472B35BEC900D15F06 /* Preview Assets.xcassets in Resources */ = {isa = PBXBuildFile; fileRef = 926D2F462B35BEC900D15F06 /* Preview Assets.xcassets */; };
		9271C0F32DE30551004C1992 /* VideoShaders.metal in Resources */ = {isa = PBXBuildFile; fileRef = 9271C0D22DE30551004C1992 /* VideoShaders.metal */; };
		9271C0F42DE30551004C1992 /* CamShader.metal in Resources */ = {isa = PBXBuildFile; fileRef = 9271C0C42DE30551004C1992 /* CamShader.metal */; };
		9273660D2DD3B8CB00218A73 /* ReceiptParser in Frameworks */ = {isa = PBXBuildFile; productRef = 9273660C2DD3B8CB00218A73 /* ReceiptParser */; };
		9273660F2DD3B8CB00218A73 /* RevenueCat in Frameworks */ = {isa = PBXBuildFile; productRef = 9273660E2DD3B8CB00218A73 /* RevenueCat */; };
		927366122DD3BA2000218A73 /* Foil in Frameworks */ = {isa = PBXBuildFile; productRef = 927366112DD3BA2000218A73 /* Foil */; };
		928DCA152E27E4F2000E1012 /* Localizable.xcstrings in Resources */ = {isa = PBXBuildFile; fileRef = 928DCA142E27E4F2000E1012 /* Localizable.xcstrings */; };
/* End PBXBuildFile section */

/* Begin PBXFileReference section */
		926D2F3C2B35BEC700D15F06 /* CameraPoseHelper.app */ = {isa = PBXFileReference; explicitFileType = wrapper.application; includeInIndex = 0; path = CameraPoseHelper.app; sourceTree = BUILT_PRODUCTS_DIR; };
		926D2F3F2B35BEC700D15F06 /* CameraPoseHelperApp.swift */ = {isa = PBXFileReference; lastKnownFileType = sourcecode.swift; path = CameraPoseHelperApp.swift; sourceTree = "<group>"; };
		926D2F462B35BEC900D15F06 /* Preview Assets.xcassets */ = {isa = PBXFileReference; lastKnownFileType = folder.assetcatalog; path = "Preview Assets.xcassets"; sourceTree = "<group>"; };
		9271C0C42DE30551004C1992 /* CamShader.metal */ = {isa = PBXFileReference; lastKnownFileType = sourcecode.metal; path = CamShader.metal; sourceTree = "<group>"; };
		9271C0D22DE30551004C1992 /* VideoShaders.metal */ = {isa = PBXFileReference; lastKnownFileType = sourcecode.metal; path = VideoShaders.metal; sourceTree = "<group>"; };
		928DCA142E27E4F2000E1012 /* Localizable.xcstrings */ = {isa = PBXFileReference; lastKnownFileType = text.json.xcstrings; path = Localizable.xcstrings; sourceTree = "<group>"; };
		929E6BC32DE46CC60034B6D7 /* Info.plist */ = {isa = PBXFileReference; lastKnownFileType = text.plist.xml; path = Info.plist; sourceTree = "<group>"; };
/* End PBXFileReference section */

/* Begin PBXFileSystemSynchronizedRootGroup section */
		92125A2B2CC9251600F9CC97 /* Source */ = {isa = PBXFileSystemSynchronizedRootGroup; explicitFileTypes = {}; explicitFolders = (); path = Source; sourceTree = "<group>"; };
		9271C0F52DE320A8004C1992 /* Resources */ = {isa = PBXFileSystemSynchronizedRootGroup; explicitFileTypes = {}; explicitFolders = (); path = Resources; sourceTree = "<group>"; };
		9271C21C2DE35A8F004C1992 /* trash */ = {isa = PBXFileSystemSynchronizedRootGroup; explicitFileTypes = {}; explicitFolders = (); path = trash; sourceTree = "<group>"; };
/* End PBXFileSystemSynchronizedRootGroup section */

/* Begin PBXFrameworksBuildPhase section */
		926D2F392B35BEC700D15F06 /* Frameworks */ = {
			isa = PBXFrameworksBuildPhase;
			buildActionMask = 2147483647;
			files = (
				9273660F2DD3B8CB00218A73 /* RevenueCat in Frameworks */,
				9273660D2DD3B8CB00218A73 /* ReceiptParser in Frameworks */,
				924AF5292CC8F7580079448E /* CompactSlider in Frameworks */,
				927366122DD3BA2000218A73 /* Foil in Frameworks */,
			);
			runOnlyForDeploymentPostprocessing = 0;
		};
/* End PBXFrameworksBuildPhase section */

/* Begin PBXGroup section */
		9268C3832CE3905C009C59F5 /* Frameworks */ = {
			isa = PBXGroup;
			children = (
			);
			name = Frameworks;
			sourceTree = "<group>";
		};
		926D2F332B35BEC700D15F06 = {
			isa = PBXGroup;
			children = (
				926D2F3E2B35BEC700D15F06 /* CameraPoseHelper */,
				9268C3832CE3905C009C59F5 /* Frameworks */,
				926D2F3D2B35BEC700D15F06 /* Products */,
			);
			sourceTree = "<group>";
		};
		926D2F3D2B35BEC700D15F06 /* Products */ = {
			isa = PBXGroup;
			children = (
				926D2F3C2B35BEC700D15F06 /* CameraPoseHelper.app */,
			);
			name = Products;
			sourceTree = "<group>";
		};
		926D2F3E2B35BEC700D15F06 /* CameraPoseHelper */ = {
			isa = PBXGroup;
			children = (
				9271C0F62DE320E1004C1992 /* Shaders */,
				9271C0F52DE320A8004C1992 /* Resources */,
				92125A2B2CC9251600F9CC97 /* Source */,
				926D2F3F2B35BEC700D15F06 /* CameraPoseHelperApp.swift */,
				926D2F452B35BEC900D15F06 /* Preview Content */,
				9271C21C2DE35A8F004C1992 /* trash */,
				929E6BC32DE46CC60034B6D7 /* Info.plist */,
				928DCA142E27E4F2000E1012 /* Localizable.xcstrings */,
			);
			path = CameraPoseHelper;
			sourceTree = "<group>";
		};
		926D2F452B35BEC900D15F06 /* Preview Content */ = {
			isa = PBXGroup;
			children = (
				926D2F462B35BEC900D15F06 /* Preview Assets.xcassets */,
			);
			path = "Preview Content";
			sourceTree = "<group>";
		};
		9271C0F62DE320E1004C1992 /* Shaders */ = {
			isa = PBXGroup;
			children = (
				9271C0C42DE30551004C1992 /* CamShader.metal */,
				9271C0D22DE30551004C1992 /* VideoShaders.metal */,
			);
			path = Shaders;
			sourceTree = "<group>";
		};
/* End PBXGroup section */

/* Begin PBXNativeTarget section */
		926D2F3B2B35BEC700D15F06 /* CameraPoseHelper */ = {
			isa = PBXNativeTarget;
			buildConfigurationList = 926D2F4A2B35BEC900D15F06 /* Build configuration list for PBXNativeTarget "CameraPoseHelper" */;
			buildPhases = (
				926D2F382B35BEC700D15F06 /* Sources */,
				926D2F392B35BEC700D15F06 /* Frameworks */,
				926D2F3A2B35BEC700D15F06 /* Resources */,
			);
			buildRules = (
			);
			dependencies = (
			);
			fileSystemSynchronizedGroups = (
				92125A2B2CC9251600F9CC97 /* Source */,
				9271C0F52DE320A8004C1992 /* Resources */,
				9271C21C2DE35A8F004C1992 /* trash */,
			);
			name = CameraPoseHelper;
			packageProductDependencies = (
				924AF5282CC8F7580079448E /* CompactSlider */,
				9273660C2DD3B8CB00218A73 /* ReceiptParser */,
				9273660E2DD3B8CB00218A73 /* RevenueCat */,
				927366112DD3BA2000218A73 /* Foil */,
			);
			productName = CameraPoseHelper;
			productReference = 926D2F3C2B35BEC700D15F06 /* CameraPoseHelper.app */;
			productType = "com.apple.product-type.application";
		};
/* End PBXNativeTarget section */

/* Begin PBXProject section */
		926D2F342B35BEC700D15F06 /* Project object */ = {
			isa = PBXProject;
			attributes = {
				BuildIndependentTargetsInParallel = 1;
				LastSwiftUpdateCheck = 1500;
				LastUpgradeCheck = 1500;
				TargetAttributes = {
					926D2F3B2B35BEC700D15F06 = {
						CreatedOnToolsVersion = 15.0.1;
					};
				};
			};
			buildConfigurationList = 926D2F372B35BEC700D15F06 /* Build configuration list for PBXProject "CameraPoseHelper" */;
			compatibilityVersion = "Xcode 14.0";
			developmentRegion = en;
			hasScannedForEncodings = 0;
			knownRegions = (
				en,
				Base,
				ru,
				"pt-PT",
				"kk-KZ",
			);
			mainGroup = 926D2F332B35BEC700D15F06;
			packageReferences = (
				924AF5272CC8F7580079448E /* XCRemoteSwiftPackageReference "CompactSlider" */,
				9273660B2DD3B8CB00218A73 /* XCRemoteSwiftPackageReference "purchases-ios-spm" */,
				927366102DD3BA2000218A73 /* XCRemoteSwiftPackageReference "Foil" */,
			);
			productRefGroup = 926D2F3D2B35BEC700D15F06 /* Products */;
			projectDirPath = "";
			projectRoot = "";
			targets = (
				926D2F3B2B35BEC700D15F06 /* CameraPoseHelper */,
			);
		};
/* End PBXProject section */

/* Begin PBXResourcesBuildPhase section */
		926D2F3A2B35BEC700D15F06 /* Resources */ = {
			isa = PBXResourcesBuildPhase;
			buildActionMask = 2147483647;
			files = (
				926D2F472B35BEC900D15F06 /* Preview Assets.xcassets in Resources */,
				928DCA152E27E4F2000E1012 /* Localizable.xcstrings in Resources */,
				9271C0F32DE30551004C1992 /* VideoShaders.metal in Resources */,
				9271C0F42DE30551004C1992 /* CamShader.metal in Resources */,
			);
			runOnlyForDeploymentPostprocessing = 0;
		};
/* End PBXResourcesBuildPhase section */

/* Begin PBXSourcesBuildPhase section */
		926D2F382B35BEC700D15F06 /* Sources */ = {
			isa = PBXSourcesBuildPhase;
			buildActionMask = 2147483647;
			files = (
				926D2F402B35BEC700D15F06 /* CameraPoseHelperApp.swift in Sources */,
			);
			runOnlyForDeploymentPostprocessing = 0;
		};
/* End PBXSourcesBuildPhase section */

/* Begin XCBuildConfiguration section */
		926D2F482B35BEC900D15F06 /* Debug */ = {
			isa = XCBuildConfiguration;
			buildSettings = {
				ALWAYS_SEARCH_USER_PATHS = NO;
				ASSETCATALOG_COMPILER_GENERATE_SWIFT_ASSET_SYMBOL_EXTENSIONS = YES;
				CLANG_ANALYZER_NONNULL = YES;
				CLANG_ANALYZER_NUMBER_OBJECT_CONVERSION = YES_AGGRESSIVE;
				CLANG_CXX_LANGUAGE_STANDARD = "gnu++20";
				CLANG_ENABLE_MODULES = YES;
				CLANG_ENABLE_OBJC_ARC = YES;
				CLANG_ENABLE_OBJC_WEAK = YES;
				CLANG_WARN_BLOCK_CAPTURE_AUTORELEASING = YES;
				CLANG_WARN_BOOL_CONVERSION = YES;
				CLANG_WARN_COMMA = YES;
				CLANG_WARN_CONSTANT_CONVERSION = YES;
				CLANG_WARN_DEPRECATED_OBJC_IMPLEMENTATIONS = YES;
				CLANG_WARN_DIRECT_OBJC_ISA_USAGE = YES_ERROR;
				CLANG_WARN_DOCUMENTATION_COMMENTS = YES;
				CLANG_WARN_EMPTY_BODY = YES;
				CLANG_WARN_ENUM_CONVERSION = YES;
				CLANG_WARN_INFINITE_RECURSION = YES;
				CLANG_WARN_INT_CONVERSION = YES;
				CLANG_WARN_NON_LITERAL_NULL_CONVERSION = YES;
				CLANG_WARN_OBJC_IMPLICIT_RETAIN_SELF = YES;
				CLANG_WARN_OBJC_LITERAL_CONVERSION = YES;
				CLANG_WARN_OBJC_ROOT_CLASS = YES_ERROR;
				CLANG_WARN_QUOTED_INCLUDE_IN_FRAMEWORK_HEADER = YES;
				CLANG_WARN_RANGE_LOOP_ANALYSIS = YES;
				CLANG_WARN_STRICT_PROTOTYPES = YES;
				CLANG_WARN_SUSPICIOUS_MOVE = YES;
				CLANG_WARN_UNGUARDED_AVAILABILITY = YES_AGGRESSIVE;
				CLANG_WARN_UNREACHABLE_CODE = YES;
				CLANG_WARN__DUPLICATE_METHOD_MATCH = YES;
				COPY_PHASE_STRIP = NO;
				DEBUG_INFORMATION_FORMAT = "dwarf-with-dsym";
				ENABLE_STRICT_OBJC_MSGSEND = YES;
				ENABLE_TESTABILITY = YES;
				ENABLE_USER_SCRIPT_SANDBOXING = YES;
				GCC_C_LANGUAGE_STANDARD = gnu17;
				GCC_DYNAMIC_NO_PIC = NO;
				GCC_NO_COMMON_BLOCKS = YES;
				GCC_OPTIMIZATION_LEVEL = 0;
				GCC_PREPROCESSOR_DEFINITIONS = (
					"DEBUG=1",
					"$(inherited)",
				);
				GCC_WARN_64_TO_32_BIT_CONVERSION = YES;
				GCC_WARN_ABOUT_RETURN_TYPE = YES_ERROR;
				GCC_WARN_UNDECLARED_SELECTOR = YES;
				GCC_WARN_UNINITIALIZED_AUTOS = YES_AGGRESSIVE;
				GCC_WARN_UNUSED_FUNCTION = YES;
				GCC_WARN_UNUSED_VARIABLE = YES;
				IPHONEOS_DEPLOYMENT_TARGET = 17.0;
				LOCALIZATION_PREFERS_STRING_CATALOGS = YES;
				MTL_ENABLE_DEBUG_INFO = INCLUDE_SOURCE;
				MTL_FAST_MATH = YES;
				ONLY_ACTIVE_ARCH = YES;
				SDKROOT = iphoneos;
				SWIFT_ACTIVE_COMPILATION_CONDITIONS = "DEBUG $(inherited)";
				SWIFT_EMIT_LOC_STRINGS = YES;
				SWIFT_OPTIMIZATION_LEVEL = "-Onone";
			};
			name = Debug;
		};
		926D2F492B35BEC900D15F06 /* Release */ = {
			isa = XCBuildConfiguration;
			buildSettings = {
				ALWAYS_SEARCH_USER_PATHS = NO;
				ASSETCATALOG_COMPILER_GENERATE_SWIFT_ASSET_SYMBOL_EXTENSIONS = YES;
				CLANG_ANALYZER_NONNULL = YES;
				CLANG_ANALYZER_NUMBER_OBJECT_CONVERSION = YES_AGGRESSIVE;
				CLANG_CXX_LANGUAGE_STANDARD = "gnu++20";
				CLANG_ENABLE_MODULES = YES;
				CLANG_ENABLE_OBJC_ARC = YES;
				CLANG_ENABLE_OBJC_WEAK = YES;
				CLANG_WARN_BLOCK_CAPTURE_AUTORELEASING = YES;
				CLANG_WARN_BOOL_CONVERSION = YES;
				CLANG_WARN_COMMA = YES;
				CLANG_WARN_CONSTANT_CONVERSION = YES;
				CLANG_WARN_DEPRECATED_OBJC_IMPLEMENTATIONS = YES;
				CLANG_WARN_DIRECT_OBJC_ISA_USAGE = YES_ERROR;
				CLANG_WARN_DOCUMENTATION_COMMENTS = YES;
				CLANG_WARN_EMPTY_BODY = YES;
				CLANG_WARN_ENUM_CONVERSION = YES;
				CLANG_WARN_INFINITE_RECURSION = YES;
				CLANG_WARN_INT_CONVERSION = YES;
				CLANG_WARN_NON_LITERAL_NULL_CONVERSION = YES;
				CLANG_WARN_OBJC_IMPLICIT_RETAIN_SELF = YES;
				CLANG_WARN_OBJC_LITERAL_CONVERSION = YES;
				CLANG_WARN_OBJC_ROOT_CLASS = YES_ERROR;
				CLANG_WARN_QUOTED_INCLUDE_IN_FRAMEWORK_HEADER = YES;
				CLANG_WARN_RANGE_LOOP_ANALYSIS = YES;
				CLANG_WARN_STRICT_PROTOTYPES = YES;
				CLANG_WARN_SUSPICIOUS_MOVE = YES;
				CLANG_WARN_UNGUARDED_AVAILABILITY = YES_AGGRESSIVE;
				CLANG_WARN_UNREACHABLE_CODE = YES;
				CLANG_WARN__DUPLICATE_METHOD_MATCH = YES;
				COPY_PHASE_STRIP = NO;
				DEBUG_INFORMATION_FORMAT = "dwarf-with-dsym";
				ENABLE_NS_ASSERTIONS = NO;
				ENABLE_STRICT_OBJC_MSGSEND = YES;
				ENABLE_USER_SCRIPT_SANDBOXING = YES;
				GCC_C_LANGUAGE_STANDARD = gnu17;
				GCC_NO_COMMON_BLOCKS = YES;
				GCC_WARN_64_TO_32_BIT_CONVERSION = YES;
				GCC_WARN_ABOUT_RETURN_TYPE = YES_ERROR;
				GCC_WARN_UNDECLARED_SELECTOR = YES;
				GCC_WARN_UNINITIALIZED_AUTOS = YES_AGGRESSIVE;
				GCC_WARN_UNUSED_FUNCTION = YES;
				GCC_WARN_UNUSED_VARIABLE = YES;
				IPHONEOS_DEPLOYMENT_TARGET = 17.0;
				LOCALIZATION_PREFERS_STRING_CATALOGS = YES;
				MTL_ENABLE_DEBUG_INFO = NO;
				MTL_FAST_MATH = YES;
				SDKROOT = iphoneos;
				SWIFT_COMPILATION_MODE = wholemodule;
				SWIFT_EMIT_LOC_STRINGS = YES;
				VALIDATE_PRODUCT = YES;
			};
			name = Release;
		};
		926D2F4B2B35BEC900D15F06 /* Debug */ = {
			isa = XCBuildConfiguration;
			buildSettings = {
				ASSETCATALOG_COMPILER_APPICON_NAME = AppIcon;
				ASSETCATALOG_COMPILER_GLOBAL_ACCENT_COLOR_NAME = AccentColor;
				ASSETCATALOG_COMPILER_INCLUDE_ALL_APPICON_ASSETS = YES;
				CODE_SIGN_STYLE = Automatic;
				CURRENT_PROJECT_VERSION = 1;
				DEAD_CODE_STRIPPING = YES;
				DEVELOPMENT_ASSET_PATHS = "\"CameraPoseHelper/Preview Content\"";
				DEVELOPMENT_TEAM = 87XM268947;
				ENABLE_PREVIEWS = YES;
				GENERATE_INFOPLIST_FILE = YES;
				INFOPLIST_FILE = CameraPoseHelper/Info.plist;
				INFOPLIST_KEY_CFBundleDisplayName = OverCam;
				INFOPLIST_KEY_LSApplicationCategoryType = "public.app-category.photography";
				INFOPLIST_KEY_NSCameraUsageDescription = "Access to the camera is required for the user to take photos through the app.";
				INFOPLIST_KEY_NSPhotoLibraryUsageDescription = "Access to the photo library is required to save taken photos and select images as references.";
				INFOPLIST_KEY_NSUserTrackingUsageDescription = "We track your activity to offer you more relevant services.";
				INFOPLIST_KEY_UIApplicationSceneManifest_Generation = YES;
				INFOPLIST_KEY_UIApplicationSupportsIndirectInputEvents = YES;
				INFOPLIST_KEY_UISupportedInterfaceOrientations = UIInterfaceOrientationPortrait;
				IPHONEOS_DEPLOYMENT_TARGET = 17.6;
				LD_RUNPATH_SEARCH_PATHS = (
					"$(inherited)",
					"@executable_path/Frameworks",
				);
				MARKETING_VERSION = 2.1;
				PRODUCT_BUNDLE_IDENTIFIER = com.01lab.overcam;
				PRODUCT_NAME = "$(TARGET_NAME)";
				SUPPORTED_PLATFORMS = "iphoneos iphonesimulator";
				SUPPORTS_MACCATALYST = NO;
				SUPPORTS_MAC_DESIGNED_FOR_IPHONE_IPAD = NO;
				SUPPORTS_XR_DESIGNED_FOR_IPHONE_IPAD = NO;
				SWIFT_EMIT_LOC_STRINGS = YES;
				SWIFT_VERSION = 5.0;
				TARGETED_DEVICE_FAMILY = 1;
			};
			name = Debug;
		};
		926D2F4C2B35BEC900D15F06 /* Release */ = {
			isa = XCBuildConfiguration;
			buildSettings = {
				ASSETCATALOG_COMPILER_APPICON_NAME = AppIcon;
				ASSETCATALOG_COMPILER_GLOBAL_ACCENT_COLOR_NAME = AccentColor;
				ASSETCATALOG_COMPILER_INCLUDE_ALL_APPICON_ASSETS = YES;
				CODE_SIGN_STYLE = Automatic;
				CURRENT_PROJECT_VERSION = 1;
				DEAD_CODE_STRIPPING = YES;
				DEVELOPMENT_ASSET_PATHS = "\"CameraPoseHelper/Preview Content\"";
				DEVELOPMENT_TEAM = 87XM268947;
				ENABLE_PREVIEWS = YES;
				GENERATE_INFOPLIST_FILE = YES;
				INFOPLIST_FILE = CameraPoseHelper/Info.plist;
				INFOPLIST_KEY_CFBundleDisplayName = OverCam;
				INFOPLIST_KEY_LSApplicationCategoryType = "public.app-category.photography";
				INFOPLIST_KEY_NSCameraUsageDescription = "Access to the camera is required for the user to take photos through the app.";
				INFOPLIST_KEY_NSPhotoLibraryUsageDescription = "Access to the photo library is required to save taken photos and select images as references.";
				INFOPLIST_KEY_NSUserTrackingUsageDescription = "We track your activity to offer you more relevant services.";
				INFOPLIST_KEY_UIApplicationSceneManifest_Generation = YES;
				INFOPLIST_KEY_UIApplicationSupportsIndirectInputEvents = YES;
				INFOPLIST_KEY_UISupportedInterfaceOrientations = UIInterfaceOrientationPortrait;
				IPHONEOS_DEPLOYMENT_TARGET = 17.6;
				LD_RUNPATH_SEARCH_PATHS = (
					"$(inherited)",
					"@executable_path/Frameworks",
				);
				MARKETING_VERSION = 2.1;
				PRODUCT_BUNDLE_IDENTIFIER = com.01lab.overcam;
				PRODUCT_NAME = "$(TARGET_NAME)";
				SUPPORTED_PLATFORMS = "iphoneos iphonesimulator";
				SUPPORTS_MACCATALYST = NO;
				SUPPORTS_MAC_DESIGNED_FOR_IPHONE_IPAD = NO;
				SUPPORTS_XR_DESIGNED_FOR_IPHONE_IPAD = NO;
				SWIFT_EMIT_LOC_STRINGS = YES;
				SWIFT_OPTIMIZATION_LEVEL = "-O";
				SWIFT_VERSION = 5.0;
				TARGETED_DEVICE_FAMILY = 1;
			};
			name = Release;
		};
/* End XCBuildConfiguration section */

/* Begin XCConfigurationList section */
		926D2F372B35BEC700D15F06 /* Build configuration list for PBXProject "CameraPoseHelper" */ = {
			isa = XCConfigurationList;
			buildConfigurations = (
				926D2F482B35BEC900D15F06 /* Debug */,
				926D2F492B35BEC900D15F06 /* Release */,
			);
			defaultConfigurationIsVisible = 0;
			defaultConfigurationName = Release;
		};
		926D2F4A2B35BEC900D15F06 /* Build configuration list for PBXNativeTarget "CameraPoseHelper" */ = {
			isa = XCConfigurationList;
			buildConfigurations = (
				926D2F4B2B35BEC900D15F06 /* Debug */,
				926D2F4C2B35BEC900D15F06 /* Release */,
			);
			defaultConfigurationIsVisible = 0;
			defaultConfigurationName = Release;
		};
/* End XCConfigurationList section */

/* Begin XCRemoteSwiftPackageReference section */
		924AF5272CC8F7580079448E /* XCRemoteSwiftPackageReference "CompactSlider" */ = {
			isa = XCRemoteSwiftPackageReference;
			repositoryURL = "https://github.com/buh/CompactSlider";
			requirement = {
				kind = upToNextMajorVersion;
				minimumVersion = 1.1.6;
			};
		};
		9273660B2DD3B8CB00218A73 /* XCRemoteSwiftPackageReference "purchases-ios-spm" */ = {
			isa = XCRemoteSwiftPackageReference;
			repositoryURL = "https://github.com/RevenueCat/purchases-ios-spm";
			requirement = {
				kind = upToNextMajorVersion;
				minimumVersion = 5.23.0;
			};
		};
		927366102DD3BA2000218A73 /* XCRemoteSwiftPackageReference "Foil" */ = {
			isa = XCRemoteSwiftPackageReference;
			repositoryURL = "https://github.com/jessesquires/Foil";
			requirement = {
				kind = upToNextMajorVersion;
				minimumVersion = 6.0.0;
			};
		};
/* End XCRemoteSwiftPackageReference section */

/* Begin XCSwiftPackageProductDependency section */
		924AF5282CC8F7580079448E /* CompactSlider */ = {
			isa = XCSwiftPackageProductDependency;
			package = 924AF5272CC8F7580079448E /* XCRemoteSwiftPackageReference "CompactSlider" */;
			productName = CompactSlider;
		};
		9273660C2DD3B8CB00218A73 /* ReceiptParser */ = {
			isa = XCSwiftPackageProductDependency;
			package = 9273660B2DD3B8CB00218A73 /* XCRemoteSwiftPackageReference "purchases-ios-spm" */;
			productName = ReceiptParser;
		};
		9273660E2DD3B8CB00218A73 /* RevenueCat */ = {
			isa = XCSwiftPackageProductDependency;
			package = 9273660B2DD3B8CB00218A73 /* XCRemoteSwiftPackageReference "purchases-ios-spm" */;
			productName = RevenueCat;
		};
		927366112DD3BA2000218A73 /* Foil */ = {
			isa = XCSwiftPackageProductDependency;
			package = 927366102DD3BA2000218A73 /* XCRemoteSwiftPackageReference "Foil" */;
			productName = Foil;
		};
/* End XCSwiftPackageProductDependency section */
	};
	rootObject = 926D2F342B35BEC700D15F06 /* Project object */;
}
